
Microsoft Visual Studio Solution File, Format Version 12.00
# Visual Studio Version 16
VisualStudioVersion = 16.0.30907.101
MinimumVisualStudioVersion = 10.0.40219.1
Project("{FAE04EC0-301F-11D3-BF4B-00C04F79EFBC}") = "BDDExampleSpecFlow", "BDDExampleSpecFlow\BDDExampleSpecFlow.csproj", "{3BE05327-F47C-4F93-87A4-AED5CFBFC8EE}"
EndProject
Global
	GlobalSection(SolutionConfigurationPlatforms) = preSolution
		Debug|Any CPU = Debug|Any CPU
		Release|Any CPU = Release|Any CPU
	EndGlobalSection
	GlobalSection(ProjectConfigurationPlatforms) = postSolution
		{3BE05327-F47C-4F93-87A4-AED5CFBFC8EE}.Debug|Any CPU.ActiveCfg = Debug|Any CPU
		{3BE05327-F47C-4F93-87A4-AED5CFBFC8EE}.Debug|Any CPU.Build.0 = Debug|Any CPU
		{3BE05327-F47C-4F93-87A4-AED5CFBFC8EE}.Release|Any CPU.ActiveCfg = Release|Any CPU
		{3BE05327-F47C-4F93-87A4-AED5CFBFC8EE}.Release|Any CPU.Build.0 = Release|Any CPU
	EndGlobalSection
	GlobalSection(SolutionProperties) = preSolution
		HideSolutionNode = FALSE
	EndGlobalSection
	GlobalSection(ExtensibilityGlobals) = postSolution
		SolutionGuid = {4CA2274B-B843-4026-8704-73D9112EDC97}
	EndGlobalSection
EndGlobal
